
Microsoft Visual Studio Solution File, Format Version 12.00
# Visual Studio Version 17
VisualStudioVersion = 17.2.32630.192
MinimumVisualStudioVersion = 10.0.40219.1
Project("{9A19103F-16F7-4668-BE54-9A1E7A4F7556}") = "R5T.F0056.Construction", "R5T.F0056.Construction\R5T.F0056.Construction.csproj", "{9BD75C86-85F9-4929-8EA0-78815564A33E}"
EndProject
Project("{9A19103F-16F7-4668-BE54-9A1E7A4F7556}") = "R5T.F0056", "R5T.F0056\R5T.F0056.csproj", "{5C6DE722-2973-4A9F-9486-1B583F7B6CAC}"
EndProject
Project("{2150E333-8FDC-42A3-9474-1A3956D46DE8}") = "_Dependencies", "_Dependencies", "{4035F178-18D0-4835-91EE-9143E783A721}"
EndProject
Project("{9A19103F-16F7-4668-BE54-9A1E7A4F7556}") = "R5T.F0000", "..\..\R5T.F0000\source\R5T.F0000\R5T.F0000.csproj", "{F056C1C1-8160-4FBB-BC56-C1788635BBFF}"
EndProject
Project("{9A19103F-16F7-4668-BE54-9A1E7A4F7556}") = "R5T.F0002", "..\..\R5T.F0002\source\R5T.F0002\R5T.F0002.csproj", "{6486F5BA-D9CF-4F74-82C3-BE41963D75FC}"
EndProject
Project("{9A19103F-16F7-4668-BE54-9A1E7A4F7556}") = "R5T.F0019", "..\..\R5T.F0019\source\R5T.F0019\R5T.F0019.csproj", "{BCA0B3B3-1456-4848-A506-C9448129A994}"
EndProject
Project("{9A19103F-16F7-4668-BE54-9A1E7A4F7556}") = "R5T.F0020", "..\..\R5T.F0020\source\R5T.F0020\R5T.F0020.csproj", "{68A8CD3F-5799-418E-BB1A-248081606830}"
EndProject
Project("{9A19103F-16F7-4668-BE54-9A1E7A4F7556}") = "R5T.F0032", "..\..\R5T.F0032\source\R5T.F0032\R5T.F0032.csproj", "{1C2466F1-5442-45EE-94D4-C45F9A11789D}"
EndProject
Project("{9A19103F-16F7-4668-BE54-9A1E7A4F7556}") = "R5T.F0040.F000", "..\..\R5T.F0040\source\R5T.F0040.F000\R5T.F0040.F000.csproj", "{69646F31-5F41-40EA-B1C8-0F996D664957}"
EndProject
Project("{9A19103F-16F7-4668-BE54-9A1E7A4F7556}") = "R5T.F0041", "..\..\R5T.F0041\source\R5T.F0041\R5T.F0041.csproj", "{25D2C1C8-2C42-45E9-9847-75D811C57B92}"
EndProject
Project("{9A19103F-16F7-4668-BE54-9A1E7A4F7556}") = "R5T.F0042", "..\..\R5T.F0042\source\R5T.F0042\R5T.F0042.csproj", "{691C55A5-7F93-4952-91B5-A2418DF11C01}"
EndProject
Project("{9A19103F-16F7-4668-BE54-9A1E7A4F7556}") = "R5T.F0046", "..\..\R5T.F0046\source\R5T.F0046\R5T.F0046.csproj", "{6E1517DA-930C-4113-B457-B3E6D01FB745}"
EndProject
Project("{9A19103F-16F7-4668-BE54-9A1E7A4F7556}") = "R5T.F0047", "..\..\R5T.F0047\source\R5T.F0047\R5T.F0047.csproj", "{698BF4B3-50DC-4D3E-B9A2-2D136A4C665B}"
EndProject
Project("{9A19103F-16F7-4668-BE54-9A1E7A4F7556}") = "R5T.F0051", "..\..\R5T.F0051\source\R5T.F0051\R5T.F0051.csproj", "{9485EC2F-A236-4BB6-8FAF-4F2B16C1E062}"
EndProject
Project("{9A19103F-16F7-4668-BE54-9A1E7A4F7556}") = "R5T.F0052", "..\..\R5T.F0052\source\R5T.F0052\R5T.F0052.csproj", "{B3D222FE-5E79-4036-9B63-CEEF1A465C8C}"
EndProject
Project("{9A19103F-16F7-4668-BE54-9A1E7A4F7556}") = "R5T.F0053", "..\..\R5T.F0053\source\R5T.F0053\R5T.F0053.csproj", "{EC2AD3FF-65C0-4E56-973E-C5C750C6B6F6}"
EndProject
Project("{9A19103F-16F7-4668-BE54-9A1E7A4F7556}") = "R5T.F0054", "..\..\R5T.F0054\source\R5T.F0054\R5T.F0054.csproj", "{93ACB6A4-F986-4C21-B9DE-086A8CAFAEE9}"
EndProject
Project("{9A19103F-16F7-4668-BE54-9A1E7A4F7556}") = "R5T.F0057", "..\..\R5T.F0057\source\R5T.F0057\R5T.F0057.csproj", "{77ED7B9B-4CF4-4865-B13D-072A87764378}"
EndProject
Project("{9A19103F-16F7-4668-BE54-9A1E7A4F7556}") = "R5T.L0001.Y000", "..\..\R5T.L0001\source\R5T.L0001.Y000\R5T.L0001.Y000.csproj", "{0982A382-5000-4D9D-BCAB-C8EE07115B4B}"
EndProject
Project("{9A19103F-16F7-4668-BE54-9A1E7A4F7556}") = "R5T.L0001.Z000", "..\..\R5T.L0001\source\R5T.L0001.Z000\R5T.L0001.Z000.csproj", "{357214CD-3794-476F-A339-EA53413AB9A6}"
EndProject
Project("{9A19103F-16F7-4668-BE54-9A1E7A4F7556}") = "R5T.L0001", "..\..\R5T.L0001\source\R5T.L0001\R5T.L0001.csproj", "{114828CA-A51D-41ED-98F8-BFDA1F0E5434}"
EndProject
Project("{9A19103F-16F7-4668-BE54-9A1E7A4F7556}") = "R5T.NG0005", "..\..\R5T.NG0005\source\R5T.NG0005\R5T.NG0005.csproj", "{A9245FC1-0705-4428-9322-2B73A2868FEC}"
EndProject
Project("{9A19103F-16F7-4668-BE54-9A1E7A4F7556}") = "R5T.NG0006", "..\..\R5T.NG0006\source\R5T.NG0006\R5T.NG0006.csproj", "{414275E4-3582-413F-B2E7-F5FAD775576E}"
EndProject
Project("{9A19103F-16F7-4668-BE54-9A1E7A4F7556}") = "R5T.NG0008", "..\..\R5T.NG0008\source\R5T.NG0008\R5T.NG0008.csproj", "{F3ADA5B1-2E2C-45C6-A1DB-A73F1DF5C0B2}"
EndProject
Project("{9A19103F-16F7-4668-BE54-9A1E7A4F7556}") = "R5T.T0046", "..\..\R5T.T0046\source\R5T.T0046\R5T.T0046.csproj", "{E85C9368-26C7-4362-83F2-5C715C635AB4}"
EndProject
Project("{9A19103F-16F7-4668-BE54-9A1E7A4F7556}") = "R5T.T0131", "..\..\R5T.T0131\source\R5T.T0131\R5T.T0131.csproj", "{12F3396E-DFB4-4BB4-9764-0FDAFC39B08B}"
EndProject
Project("{9A19103F-16F7-4668-BE54-9A1E7A4F7556}") = "R5T.T0132", "..\..\R5T.T0132\source\R5T.T0132\R5T.T0132.csproj", "{C8BD6509-4B63-41A5-80CA-23EFCADA77D9}"
EndProject
Project("{9A19103F-16F7-4668-BE54-9A1E7A4F7556}") = "R5T.T0142", "..\..\R5T.T0142\source\R5T.T0142\R5T.T0142.csproj", "{899E4C50-C00D-4C81-B253-A87A693FFAFF}"
EndProject
Project("{9A19103F-16F7-4668-BE54-9A1E7A4F7556}") = "R5T.T0143", "..\..\R5T.T0143\source\R5T.T0143\R5T.T0143.csproj", "{60FA6167-5A35-4CEF-80DC-EC8F0CF7B2B1}"
EndProject
Project("{9A19103F-16F7-4668-BE54-9A1E7A4F7556}") = "R5T.T0144", "..\..\R5T.T0144\source\R5T.T0144\R5T.T0144.csproj", "{442092DD-500C-4E62-AEDA-72D695BF337B}"
EndProject
Project("{9A19103F-16F7-4668-BE54-9A1E7A4F7556}") = "R5T.Y0000", "..\..\R5T.Y0000\source\R5T.Y0000\R5T.Y0000.csproj", "{15D4CEF9-BC20-4B43-9578-31AA20CB6D27}"
EndProject
Project("{9A19103F-16F7-4668-BE54-9A1E7A4F7556}") = "R5T.Y0004", "..\..\R5T.Y0004\source\R5T.Y0004\R5T.Y0004.csproj", "{A99CBA5D-61E6-4AAE-8A8C-712ABBE1E2F5}"
EndProject
Project("{9A19103F-16F7-4668-BE54-9A1E7A4F7556}") = "R5T.Z0000", "..\..\R5T.Z0000\source\R5T.Z0000\R5T.Z0000.csproj", "{1E1CCCA5-EB83-4FAE-BF06-957F62FBF6CC}"
EndProject
Project("{9A19103F-16F7-4668-BE54-9A1E7A4F7556}") = "R5T.Z0005", "..\..\R5T.Z0005\source\R5T.Z0005\R5T.Z0005.csproj", "{1E06C640-902D-4C04-B870-5D177232155A}"
EndProject
Project("{9A19103F-16F7-4668-BE54-9A1E7A4F7556}") = "R5T.Z0013", "..\..\R5T.Z0013\source\R5T.Z0013\R5T.Z0013.csproj", "{D5CD8809-39D7-4330-AD03-15AC924B066D}"
EndProject
Global
	GlobalSection(NestedProjects) = preSolution
		{F056C1C1-8160-4FBB-BC56-C1788635BBFF} = {4035F178-18D0-4835-91EE-9143E783A721}
		{6486F5BA-D9CF-4F74-82C3-BE41963D75FC} = {4035F178-18D0-4835-91EE-9143E783A721}
		{BCA0B3B3-1456-4848-A506-C9448129A994} = {4035F178-18D0-4835-91EE-9143E783A721}
		{68A8CD3F-5799-418E-BB1A-248081606830} = {4035F178-18D0-4835-91EE-9143E783A721}
		{1C2466F1-5442-45EE-94D4-C45F9A11789D} = {4035F178-18D0-4835-91EE-9143E783A721}
		{69646F31-5F41-40EA-B1C8-0F996D664957} = {4035F178-18D0-4835-91EE-9143E783A721}
		{25D2C1C8-2C42-45E9-9847-75D811C57B92} = {4035F178-18D0-4835-91EE-9143E783A721}
		{691C55A5-7F93-4952-91B5-A2418DF11C01} = {4035F178-18D0-4835-91EE-9143E783A721}
		{6E1517DA-930C-4113-B457-B3E6D01FB745} = {4035F178-18D0-4835-91EE-9143E783A721}
		{698BF4B3-50DC-4D3E-B9A2-2D136A4C665B} = {4035F178-18D0-4835-91EE-9143E783A721}
		{9485EC2F-A236-4BB6-8FAF-4F2B16C1E062} = {4035F178-18D0-4835-91EE-9143E783A721}
		{B3D222FE-5E79-4036-9B63-CEEF1A465C8C} = {4035F178-18D0-4835-91EE-9143E783A721}
		{EC2AD3FF-65C0-4E56-973E-C5C750C6B6F6} = {4035F178-18D0-4835-91EE-9143E783A721}
		{93ACB6A4-F986-4C21-B9DE-086A8CAFAEE9} = {4035F178-18D0-4835-91EE-9143E783A721}
		{77ED7B9B-4CF4-4865-B13D-072A87764378} = {4035F178-18D0-4835-91EE-9143E783A721}
		{0982A382-5000-4D9D-BCAB-C8EE07115B4B} = {4035F178-18D0-4835-91EE-9143E783A721}
		{357214CD-3794-476F-A339-EA53413AB9A6} = {4035F178-18D0-4835-91EE-9143E783A721}
		{114828CA-A51D-41ED-98F8-BFDA1F0E5434} = {4035F178-18D0-4835-91EE-9143E783A721}
		{A9245FC1-0705-4428-9322-2B73A2868FEC} = {4035F178-18D0-4835-91EE-9143E783A721}
		{414275E4-3582-413F-B2E7-F5FAD775576E} = {4035F178-18D0-4835-91EE-9143E783A721}
		{F3ADA5B1-2E2C-45C6-A1DB-A73F1DF5C0B2} = {4035F178-18D0-4835-91EE-9143E783A721}
		{E85C9368-26C7-4362-83F2-5C715C635AB4} = {4035F178-18D0-4835-91EE-9143E783A721}
		{12F3396E-DFB4-4BB4-9764-0FDAFC39B08B} = {4035F178-18D0-4835-91EE-9143E783A721}
		{C8BD6509-4B63-41A5-80CA-23EFCADA77D9} = {4035F178-18D0-4835-91EE-9143E783A721}
		{899E4C50-C00D-4C81-B253-A87A693FFAFF} = {4035F178-18D0-4835-91EE-9143E783A721}
		{60FA6167-5A35-4CEF-80DC-EC8F0CF7B2B1} = {4035F178-18D0-4835-91EE-9143E783A721}
		{442092DD-500C-4E62-AEDA-72D695BF337B} = {4035F178-18D0-4835-91EE-9143E783A721}
		{15D4CEF9-BC20-4B43-9578-31AA20CB6D27} = {4035F178-18D0-4835-91EE-9143E783A721}
		{A99CBA5D-61E6-4AAE-8A8C-712ABBE1E2F5} = {4035F178-18D0-4835-91EE-9143E783A721}
		{1E1CCCA5-EB83-4FAE-BF06-957F62FBF6CC} = {4035F178-18D0-4835-91EE-9143E783A721}
		{1E06C640-902D-4C04-B870-5D177232155A} = {4035F178-18D0-4835-91EE-9143E783A721}
		{D5CD8809-39D7-4330-AD03-15AC924B066D} = {4035F178-18D0-4835-91EE-9143E783A721}
	EndGlobalSection
	GlobalSection(SolutionConfigurationPlatforms) = preSolution
		Debug|Any CPU = Debug|Any CPU
		Release|Any CPU = Release|Any CPU
	EndGlobalSection
	GlobalSection(ProjectConfigurationPlatforms) = postSolution
		{9BD75C86-85F9-4929-8EA0-78815564A33E}.Debug|Any CPU.ActiveCfg = Debug|Any CPU
		{9BD75C86-85F9-4929-8EA0-78815564A33E}.Debug|Any CPU.Build.0 = Debug|Any CPU
		{9BD75C86-85F9-4929-8EA0-78815564A33E}.Release|Any CPU.ActiveCfg = Release|Any CPU
		{9BD75C86-85F9-4929-8EA0-78815564A33E}.Release|Any CPU.Build.0 = Release|Any CPU
		{5C6DE722-2973-4A9F-9486-1B583F7B6CAC}.Debug|Any CPU.ActiveCfg = Debug|Any CPU
		{5C6DE722-2973-4A9F-9486-1B583F7B6CAC}.Debug|Any CPU.Build.0 = Debug|Any CPU
		{5C6DE722-2973-4A9F-9486-1B583F7B6CAC}.Release|Any CPU.ActiveCfg = Release|Any CPU
		{5C6DE722-2973-4A9F-9486-1B583F7B6CAC}.Release|Any CPU.Build.0 = Release|Any CPU
		{F056C1C1-8160-4FBB-BC56-C1788635BBFF}.Debug|Any CPU.ActiveCfg = Debug|Any CPU
		{F056C1C1-8160-4FBB-BC56-C1788635BBFF}.Debug|Any CPU.Build.0 = Debug|Any CPU
		{F056C1C1-8160-4FBB-BC56-C1788635BBFF}.Release|Any CPU.ActiveCfg = Release|Any CPU
		{F056C1C1-8160-4FBB-BC56-C1788635BBFF}.Release|Any CPU.Build.0 = Release|Any CPU
		{6486F5BA-D9CF-4F74-82C3-BE41963D75FC}.Debug|Any CPU.ActiveCfg = Debug|Any CPU
		{6486F5BA-D9CF-4F74-82C3-BE41963D75FC}.Debug|Any CPU.Build.0 = Debug|Any CPU
		{6486F5BA-D9CF-4F74-82C3-BE41963D75FC}.Release|Any CPU.ActiveCfg = Release|Any CPU
		{6486F5BA-D9CF-4F74-82C3-BE41963D75FC}.Release|Any CPU.Build.0 = Release|Any CPU
		{BCA0B3B3-1456-4848-A506-C9448129A994}.Debug|Any CPU.ActiveCfg = Debug|Any CPU
		{BCA0B3B3-1456-4848-A506-C9448129A994}.Debug|Any CPU.Build.0 = Debug|Any CPU
		{BCA0B3B3-1456-4848-A506-C9448129A994}.Release|Any CPU.ActiveCfg = Release|Any CPU
		{BCA0B3B3-1456-4848-A506-C9448129A994}.Release|Any CPU.Build.0 = Release|Any CPU
		{68A8CD3F-5799-418E-BB1A-248081606830}.Debug|Any CPU.ActiveCfg = Debug|Any CPU
		{68A8CD3F-5799-418E-BB1A-248081606830}.Debug|Any CPU.Build.0 = Debug|Any CPU
		{68A8CD3F-5799-418E-BB1A-248081606830}.Release|Any CPU.ActiveCfg = Release|Any CPU
		{68A8CD3F-5799-418E-BB1A-248081606830}.Release|Any CPU.Build.0 = Release|Any CPU
		{1C2466F1-5442-45EE-94D4-C45F9A11789D}.Debug|Any CPU.ActiveCfg = Debug|Any CPU
		{1C2466F1-5442-45EE-94D4-C45F9A11789D}.Debug|Any CPU.Build.0 = Debug|Any CPU
		{1C2466F1-5442-45EE-94D4-C45F9A11789D}.Release|Any CPU.ActiveCfg = Release|Any CPU
		{1C2466F1-5442-45EE-94D4-C45F9A11789D}.Release|Any CPU.Build.0 = Release|Any CPU
		{69646F31-5F41-40EA-B1C8-0F996D664957}.Debug|Any CPU.ActiveCfg = Debug|Any CPU
		{69646F31-5F41-40EA-B1C8-0F996D664957}.Debug|Any CPU.Build.0 = Debug|Any CPU
		{69646F31-5F41-40EA-B1C8-0F996D664957}.Release|Any CPU.ActiveCfg = Release|Any CPU
		{69646F31-5F41-40EA-B1C8-0F996D664957}.Release|Any CPU.Build.0 = Release|Any CPU
		{25D2C1C8-2C42-45E9-9847-75D811C57B92}.Debug|Any CPU.ActiveCfg = Debug|Any CPU
		{25D2C1C8-2C42-45E9-9847-75D811C57B92}.Debug|Any CPU.Build.0 = Debug|Any CPU
		{25D2C1C8-2C42-45E9-9847-75D811C57B92}.Release|Any CPU.ActiveCfg = Release|Any CPU
		{25D2C1C8-2C42-45E9-9847-75D811C57B92}.Release|Any CPU.Build.0 = Release|Any CPU
		{691C55A5-7F93-4952-91B5-A2418DF11C01}.Debug|Any CPU.ActiveCfg = Debug|Any CPU
		{691C55A5-7F93-4952-91B5-A2418DF11C01}.Debug|Any CPU.Build.0 = Debug|Any CPU
		{691C55A5-7F93-4952-91B5-A2418DF11C01}.Release|Any CPU.ActiveCfg = Release|Any CPU
		{691C55A5-7F93-4952-91B5-A2418DF11C01}.Release|Any CPU.Build.0 = Release|Any CPU
		{6E1517DA-930C-4113-B457-B3E6D01FB745}.Debug|Any CPU.ActiveCfg = Debug|Any CPU
		{6E1517DA-930C-4113-B457-B3E6D01FB745}.Debug|Any CPU.Build.0 = Debug|Any CPU
		{6E1517DA-930C-4113-B457-B3E6D01FB745}.Release|Any CPU.ActiveCfg = Release|Any CPU
		{6E1517DA-930C-4113-B457-B3E6D01FB745}.Release|Any CPU.Build.0 = Release|Any CPU
		{698BF4B3-50DC-4D3E-B9A2-2D136A4C665B}.Debug|Any CPU.ActiveCfg = Debug|Any CPU
		{698BF4B3-50DC-4D3E-B9A2-2D136A4C665B}.Debug|Any CPU.Build.0 = Debug|Any CPU
		{698BF4B3-50DC-4D3E-B9A2-2D136A4C665B}.Release|Any CPU.ActiveCfg = Release|Any CPU
		{698BF4B3-50DC-4D3E-B9A2-2D136A4C665B}.Release|Any CPU.Build.0 = Release|Any CPU
		{9485EC2F-A236-4BB6-8FAF-4F2B16C1E062}.Debug|Any CPU.ActiveCfg = Debug|Any CPU
		{9485EC2F-A236-4BB6-8FAF-4F2B16C1E062}.Debug|Any CPU.Build.0 = Debug|Any CPU
		{9485EC2F-A236-4BB6-8FAF-4F2B16C1E062}.Release|Any CPU.ActiveCfg = Release|Any CPU
		{9485EC2F-A236-4BB6-8FAF-4F2B16C1E062}.Release|Any CPU.Build.0 = Release|Any CPU
		{B3D222FE-5E79-4036-9B63-CEEF1A465C8C}.Debug|Any CPU.ActiveCfg = Debug|Any CPU
		{B3D222FE-5E79-4036-9B63-CEEF1A465C8C}.Debug|Any CPU.Build.0 = Debug|Any CPU
		{B3D222FE-5E79-4036-9B63-CEEF1A465C8C}.Release|Any CPU.ActiveCfg = Release|Any CPU
		{B3D222FE-5E79-4036-9B63-CEEF1A465C8C}.Release|Any CPU.Build.0 = Release|Any CPU
		{EC2AD3FF-65C0-4E56-973E-C5C750C6B6F6}.Debug|Any CPU.ActiveCfg = Debug|Any CPU
		{EC2AD3FF-65C0-4E56-973E-C5C750C6B6F6}.Debug|Any CPU.Build.0 = Debug|Any CPU
		{EC2AD3FF-65C0-4E56-973E-C5C750C6B6F6}.Release|Any CPU.ActiveCfg = Release|Any CPU
		{EC2AD3FF-65C0-4E56-973E-C5C750C6B6F6}.Release|Any CPU.Build.0 = Release|Any CPU
		{93ACB6A4-F986-4C21-B9DE-086A8CAFAEE9}.Debug|Any CPU.ActiveCfg = Debug|Any CPU
		{93ACB6A4-F986-4C21-B9DE-086A8CAFAEE9}.Debug|Any CPU.Build.0 = Debug|Any CPU
		{93ACB6A4-F986-4C21-B9DE-086A8CAFAEE9}.Release|Any CPU.ActiveCfg = Release|Any CPU
		{93ACB6A4-F986-4C21-B9DE-086A8CAFAEE9}.Release|Any CPU.Build.0 = Release|Any CPU
		{77ED7B9B-4CF4-4865-B13D-072A87764378}.Debug|Any CPU.ActiveCfg = Debug|Any CPU
		{77ED7B9B-4CF4-4865-B13D-072A87764378}.Debug|Any CPU.Build.0 = Debug|Any CPU
		{77ED7B9B-4CF4-4865-B13D-072A87764378}.Release|Any CPU.ActiveCfg = Release|Any CPU
		{77ED7B9B-4CF4-4865-B13D-072A87764378}.Release|Any CPU.Build.0 = Release|Any CPU
		{0982A382-5000-4D9D-BCAB-C8EE07115B4B}.Debug|Any CPU.ActiveCfg = Debug|Any CPU
		{0982A382-5000-4D9D-BCAB-C8EE07115B4B}.Debug|Any CPU.Build.0 = Debug|Any CPU
		{0982A382-5000-4D9D-BCAB-C8EE07115B4B}.Release|Any CPU.ActiveCfg = Release|Any CPU
		{0982A382-5000-4D9D-BCAB-C8EE07115B4B}.Release|Any CPU.Build.0 = Release|Any CPU
		{357214CD-3794-476F-A339-EA53413AB9A6}.Debug|Any CPU.ActiveCfg = Debug|Any CPU
		{357214CD-3794-476F-A339-EA53413AB9A6}.Debug|Any CPU.Build.0 = Debug|Any CPU
		{357214CD-3794-476F-A339-EA53413AB9A6}.Release|Any CPU.ActiveCfg = Release|Any CPU
		{357214CD-3794-476F-A339-EA53413AB9A6}.Release|Any CPU.Build.0 = Release|Any CPU
		{114828CA-A51D-41ED-98F8-BFDA1F0E5434}.Debug|Any CPU.ActiveCfg = Debug|Any CPU
		{114828CA-A51D-41ED-98F8-BFDA1F0E5434}.Debug|Any CPU.Build.0 = Debug|Any CPU
		{114828CA-A51D-41ED-98F8-BFDA1F0E5434}.Release|Any CPU.ActiveCfg = Release|Any CPU
		{114828CA-A51D-41ED-98F8-BFDA1F0E5434}.Release|Any CPU.Build.0 = Release|Any CPU
		{A9245FC1-0705-4428-9322-2B73A2868FEC}.Debug|Any CPU.ActiveCfg = Debug|Any CPU
		{A9245FC1-0705-4428-9322-2B73A2868FEC}.Debug|Any CPU.Build.0 = Debug|Any CPU
		{A9245FC1-0705-4428-9322-2B73A2868FEC}.Release|Any CPU.ActiveCfg = Release|Any CPU
		{A9245FC1-0705-4428-9322-2B73A2868FEC}.Release|Any CPU.Build.0 = Release|Any CPU
		{414275E4-3582-413F-B2E7-F5FAD775576E}.Debug|Any CPU.ActiveCfg = Debug|Any CPU
		{414275E4-3582-413F-B2E7-F5FAD775576E}.Debug|Any CPU.Build.0 = Debug|Any CPU
		{414275E4-3582-413F-B2E7-F5FAD775576E}.Release|Any CPU.ActiveCfg = Release|Any CPU
		{414275E4-3582-413F-B2E7-F5FAD775576E}.Release|Any CPU.Build.0 = Release|Any CPU
		{F3ADA5B1-2E2C-45C6-A1DB-A73F1DF5C0B2}.Debug|Any CPU.ActiveCfg = Debug|Any CPU
		{F3ADA5B1-2E2C-45C6-A1DB-A73F1DF5C0B2}.Debug|Any CPU.Build.0 = Debug|Any CPU
		{F3ADA5B1-2E2C-45C6-A1DB-A73F1DF5C0B2}.Release|Any CPU.ActiveCfg = Release|Any CPU
		{F3ADA5B1-2E2C-45C6-A1DB-A73F1DF5C0B2}.Release|Any CPU.Build.0 = Release|Any CPU
		{E85C9368-26C7-4362-83F2-5C715C635AB4}.Debug|Any CPU.ActiveCfg = Debug|Any CPU
		{E85C9368-26C7-4362-83F2-5C715C635AB4}.Debug|Any CPU.Build.0 = Debug|Any CPU
		{E85C9368-26C7-4362-83F2-5C715C635AB4}.Release|Any CPU.ActiveCfg = Release|Any CPU
		{E85C9368-26C7-4362-83F2-5C715C635AB4}.Release|Any CPU.Build.0 = Release|Any CPU
		{12F3396E-DFB4-4BB4-9764-0FDAFC39B08B}.Debug|Any CPU.ActiveCfg = Debug|Any CPU
		{12F3396E-DFB4-4BB4-9764-0FDAFC39B08B}.Debug|Any CPU.Build.0 = Debug|Any CPU
		{12F3396E-DFB4-4BB4-9764-0FDAFC39B08B}.Release|Any CPU.ActiveCfg = Release|Any CPU
		{12F3396E-DFB4-4BB4-9764-0FDAFC39B08B}.Release|Any CPU.Build.0 = Release|Any CPU
		{C8BD6509-4B63-41A5-80CA-23EFCADA77D9}.Debug|Any CPU.ActiveCfg = Debug|Any CPU
		{C8BD6509-4B63-41A5-80CA-23EFCADA77D9}.Debug|Any CPU.Build.0 = Debug|Any CPU
		{C8BD6509-4B63-41A5-80CA-23EFCADA77D9}.Release|Any CPU.ActiveCfg = Release|Any CPU
		{C8BD6509-4B63-41A5-80CA-23EFCADA77D9}.Release|Any CPU.Build.0 = Release|Any CPU
		{899E4C50-C00D-4C81-B253-A87A693FFAFF}.Debug|Any CPU.ActiveCfg = Debug|Any CPU
		{899E4C50-C00D-4C81-B253-A87A693FFAFF}.Debug|Any CPU.Build.0 = Debug|Any CPU
		{899E4C50-C00D-4C81-B253-A87A693FFAFF}.Release|Any CPU.ActiveCfg = Release|Any CPU
		{899E4C50-C00D-4C81-B253-A87A693FFAFF}.Release|Any CPU.Build.0 = Release|Any CPU
		{60FA6167-5A35-4CEF-80DC-EC8F0CF7B2B1}.Debug|Any CPU.ActiveCfg = Debug|Any CPU
		{60FA6167-5A35-4CEF-80DC-EC8F0CF7B2B1}.Debug|Any CPU.Build.0 = Debug|Any CPU
		{60FA6167-5A35-4CEF-80DC-EC8F0CF7B2B1}.Release|Any CPU.ActiveCfg = Release|Any CPU
		{60FA6167-5A35-4CEF-80DC-EC8F0CF7B2B1}.Release|Any CPU.Build.0 = Release|Any CPU
		{442092DD-500C-4E62-AEDA-72D695BF337B}.Debug|Any CPU.ActiveCfg = Debug|Any CPU
		{442092DD-500C-4E62-AEDA-72D695BF337B}.Debug|Any CPU.Build.0 = Debug|Any CPU
		{442092DD-500C-4E62-AEDA-72D695BF337B}.Release|Any CPU.ActiveCfg = Release|Any CPU
		{442092DD-500C-4E62-AEDA-72D695BF337B}.Release|Any CPU.Build.0 = Release|Any CPU
		{15D4CEF9-BC20-4B43-9578-31AA20CB6D27}.Debug|Any CPU.ActiveCfg = Debug|Any CPU
		{15D4CEF9-BC20-4B43-9578-31AA20CB6D27}.Debug|Any CPU.Build.0 = Debug|Any CPU
		{15D4CEF9-BC20-4B43-9578-31AA20CB6D27}.Release|Any CPU.ActiveCfg = Release|Any CPU
		{15D4CEF9-BC20-4B43-9578-31AA20CB6D27}.Release|Any CPU.Build.0 = Release|Any CPU
		{A99CBA5D-61E6-4AAE-8A8C-712ABBE1E2F5}.Debug|Any CPU.ActiveCfg = Debug|Any CPU
		{A99CBA5D-61E6-4AAE-8A8C-712ABBE1E2F5}.Debug|Any CPU.Build.0 = Debug|Any CPU
		{A99CBA5D-61E6-4AAE-8A8C-712ABBE1E2F5}.Release|Any CPU.ActiveCfg = Release|Any CPU
		{A99CBA5D-61E6-4AAE-8A8C-712ABBE1E2F5}.Release|Any CPU.Build.0 = Release|Any CPU
		{1E1CCCA5-EB83-4FAE-BF06-957F62FBF6CC}.Debug|Any CPU.ActiveCfg = Debug|Any CPU
		{1E1CCCA5-EB83-4FAE-BF06-957F62FBF6CC}.Debug|Any CPU.Build.0 = Debug|Any CPU
		{1E1CCCA5-EB83-4FAE-BF06-957F62FBF6CC}.Release|Any CPU.ActiveCfg = Release|Any CPU
		{1E1CCCA5-EB83-4FAE-BF06-957F62FBF6CC}.Release|Any CPU.Build.0 = Release|Any CPU
		{1E06C640-902D-4C04-B870-5D177232155A}.Debug|Any CPU.ActiveCfg = Debug|Any CPU
		{1E06C640-902D-4C04-B870-5D177232155A}.Debug|Any CPU.Build.0 = Debug|Any CPU
		{1E06C640-902D-4C04-B870-5D177232155A}.Release|Any CPU.ActiveCfg = Release|Any CPU
		{1E06C640-902D-4C04-B870-5D177232155A}.Release|Any CPU.Build.0 = Release|Any CPU
		{D5CD8809-39D7-4330-AD03-15AC924B066D}.Debug|Any CPU.ActiveCfg = Debug|Any CPU
		{D5CD8809-39D7-4330-AD03-15AC924B066D}.Debug|Any CPU.Build.0 = Debug|Any CPU
		{D5CD8809-39D7-4330-AD03-15AC924B066D}.Release|Any CPU.ActiveCfg = Release|Any CPU
		{D5CD8809-39D7-4330-AD03-15AC924B066D}.Release|Any CPU.Build.0 = Release|Any CPU
	EndGlobalSection
	GlobalSection(SolutionProperties) = preSolution
		HideSolutionNode = FALSE
	EndGlobalSection
	GlobalSection(ExtensibilityGlobals) = postSolution
		SolutionGuid = {F31B54AB-BA8A-4778-A1E4-9D896C2CD11C}
	EndGlobalSection
EndGlobal
