
Microsoft Visual Studio Solution File, Format Version 12.00
# Visual Studio Version 17
VisualStudioVersion = 17.2.32630.192
MinimumVisualStudioVersion = 10.0.40219.1
Project("{9A19103F-16F7-4668-BE54-9A1E7A4F7556}") = "R5T.F0056", "R5T.F0056\R5T.F0056.csproj", "{66ACF1D4-1B71-454D-B3BC-E81C1F610E41}"
EndProject
Project("{2150E333-8FDC-42A3-9474-1A3956D46DE8}") = "_Dependencies", "_Dependencies", "{34861E75-06B9-48B6-93CC-A2FCCAB8AEB5}"
EndProject
Project("{9A19103F-16F7-4668-BE54-9A1E7A4F7556}") = "R5T.T0132", "..\..\R5T.T0132\source\R5T.T0132\R5T.T0132.csproj", "{D48C3B4D-A5B2-48EE-BE83-6616EFA65327}"
EndProject
Project("{9A19103F-16F7-4668-BE54-9A1E7A4F7556}") = "R5T.F0020", "..\..\R5T.F0020\source\R5T.F0020\R5T.F0020.csproj", "{2B8CD8E6-97F9-4D23-95CA-5DE82F5B340F}"
EndProject
Project("{9A19103F-16F7-4668-BE54-9A1E7A4F7556}") = "R5T.F0051", "..\..\R5T.F0051\source\R5T.F0051\R5T.F0051.csproj", "{B1374A0D-9FDE-4B83-ABB0-F6A2D2EFF470}"
EndProject
Project("{9A19103F-16F7-4668-BE54-9A1E7A4F7556}") = "R5T.F0019", "..\..\R5T.F0019\source\R5T.F0019\R5T.F0019.csproj", "{58BCF977-6CF4-4001-BFAA-DA5C15B2DAEE}"
EndProject
Project("{9A19103F-16F7-4668-BE54-9A1E7A4F7556}") = "R5T.F0042", "..\..\R5T.F0042\source\R5T.F0042\R5T.F0042.csproj", "{1710401F-2AD1-4BB1-92CE-3CFA5D0F0A38}"
EndProject
Global
	GlobalSection(SolutionConfigurationPlatforms) = preSolution
		Debug|Any CPU = Debug|Any CPU
		Release|Any CPU = Release|Any CPU
	EndGlobalSection
	GlobalSection(ProjectConfigurationPlatforms) = postSolution
		{66ACF1D4-1B71-454D-B3BC-E81C1F610E41}.Debug|Any CPU.ActiveCfg = Debug|Any CPU
		{66ACF1D4-1B71-454D-B3BC-E81C1F610E41}.Debug|Any CPU.Build.0 = Debug|Any CPU
		{66ACF1D4-1B71-454D-B3BC-E81C1F610E41}.Release|Any CPU.ActiveCfg = Release|Any CPU
		{66ACF1D4-1B71-454D-B3BC-E81C1F610E41}.Release|Any CPU.Build.0 = Release|Any CPU
		{D48C3B4D-A5B2-48EE-BE83-6616EFA65327}.Debug|Any CPU.ActiveCfg = Debug|Any CPU
		{D48C3B4D-A5B2-48EE-BE83-6616EFA65327}.Debug|Any CPU.Build.0 = Debug|Any CPU
		{D48C3B4D-A5B2-48EE-BE83-6616EFA65327}.Release|Any CPU.ActiveCfg = Release|Any CPU
		{D48C3B4D-A5B2-48EE-BE83-6616EFA65327}.Release|Any CPU.Build.0 = Release|Any CPU
		{2B8CD8E6-97F9-4D23-95CA-5DE82F5B340F}.Debug|Any CPU.ActiveCfg = Debug|Any CPU
		{2B8CD8E6-97F9-4D23-95CA-5DE82F5B340F}.Debug|Any CPU.Build.0 = Debug|Any CPU
		{2B8CD8E6-97F9-4D23-95CA-5DE82F5B340F}.Release|Any CPU.ActiveCfg = Release|Any CPU
		{2B8CD8E6-97F9-4D23-95CA-5DE82F5B340F}.Release|Any CPU.Build.0 = Release|Any CPU
		{B1374A0D-9FDE-4B83-ABB0-F6A2D2EFF470}.Debug|Any CPU.ActiveCfg = Debug|Any CPU
		{B1374A0D-9FDE-4B83-ABB0-F6A2D2EFF470}.Debug|Any CPU.Build.0 = Debug|Any CPU
		{B1374A0D-9FDE-4B83-ABB0-F6A2D2EFF470}.Release|Any CPU.ActiveCfg = Release|Any CPU
		{B1374A0D-9FDE-4B83-ABB0-F6A2D2EFF470}.Release|Any CPU.Build.0 = Release|Any CPU
		{58BCF977-6CF4-4001-BFAA-DA5C15B2DAEE}.Debug|Any CPU.ActiveCfg = Debug|Any CPU
		{58BCF977-6CF4-4001-BFAA-DA5C15B2DAEE}.Debug|Any CPU.Build.0 = Debug|Any CPU
		{58BCF977-6CF4-4001-BFAA-DA5C15B2DAEE}.Release|Any CPU.ActiveCfg = Release|Any CPU
		{58BCF977-6CF4-4001-BFAA-DA5C15B2DAEE}.Release|Any CPU.Build.0 = Release|Any CPU
		{1710401F-2AD1-4BB1-92CE-3CFA5D0F0A38}.Debug|Any CPU.ActiveCfg = Debug|Any CPU
		{1710401F-2AD1-4BB1-92CE-3CFA5D0F0A38}.Debug|Any CPU.Build.0 = Debug|Any CPU
		{1710401F-2AD1-4BB1-92CE-3CFA5D0F0A38}.Release|Any CPU.ActiveCfg = Release|Any CPU
		{1710401F-2AD1-4BB1-92CE-3CFA5D0F0A38}.Release|Any CPU.Build.0 = Release|Any CPU
	EndGlobalSection
	GlobalSection(SolutionProperties) = preSolution
		HideSolutionNode = FALSE
	EndGlobalSection
	GlobalSection(NestedProjects) = preSolution
		{D48C3B4D-A5B2-48EE-BE83-6616EFA65327} = {34861E75-06B9-48B6-93CC-A2FCCAB8AEB5}
		{2B8CD8E6-97F9-4D23-95CA-5DE82F5B340F} = {34861E75-06B9-48B6-93CC-A2FCCAB8AEB5}
		{B1374A0D-9FDE-4B83-ABB0-F6A2D2EFF470} = {34861E75-06B9-48B6-93CC-A2FCCAB8AEB5}
		{58BCF977-6CF4-4001-BFAA-DA5C15B2DAEE} = {34861E75-06B9-48B6-93CC-A2FCCAB8AEB5}
		{1710401F-2AD1-4BB1-92CE-3CFA5D0F0A38} = {34861E75-06B9-48B6-93CC-A2FCCAB8AEB5}
	EndGlobalSection
	GlobalSection(ExtensibilityGlobals) = postSolution
		SolutionGuid = {DB57A092-4469-4ACF-ACAB-0170354AC14C}
	EndGlobalSection
EndGlobal
